
Microsoft Visual Studio Solution File, Format Version 12.00
# Visual Studio Version 16
VisualStudioVersion = 16.0.30128.74
MinimumVisualStudioVersion = 10.0.40219.1
Project("{FAE04EC0-301F-11D3-BF4B-00C04F79EFBC}") = "2020Level2_Dodge", "2020Level2_Dodge.csproj", "{C2DC15F0-5A1A-4629-917E-C00831F47AF3}"
EndProject
Global
	GlobalSection(SolutionConfigurationPlatforms) = preSolution
		Debug|Any CPU = Debug|Any CPU
		Release|Any CPU = Release|Any CPU
	EndGlobalSection
	GlobalSection(ProjectConfigurationPlatforms) = postSolution
		{C2DC15F0-5A1A-4629-917E-C00831F47AF3}.Debug|Any CPU.ActiveCfg = Debug|Any CPU
		{C2DC15F0-5A1A-4629-917E-C00831F47AF3}.Debug|Any CPU.Build.0 = Debug|Any CPU
		{C2DC15F0-5A1A-4629-917E-C00831F47AF3}.Release|Any CPU.ActiveCfg = Release|Any CPU
		{C2DC15F0-5A1A-4629-917E-C00831F47AF3}.Release|Any CPU.Build.0 = Release|Any CPU
	EndGlobalSection
	GlobalSection(SolutionProperties) = preSolution
		HideSolutionNode = FALSE
	EndGlobalSection
	GlobalSection(ExtensibilityGlobals) = postSolution
		SolutionGuid = {E221D32F-8074-4EC8-9742-00059CF499BB}
	EndGlobalSection
EndGlobal
